// !$*UTF8*$!
{
	archiveVersion = 1;
	classes = {
	};
	objectVersion = 46;
	objects = {

/* Begin PBXAggregateTarget section */
		A808727BF228B53A3D990591 /* Multi Out Demo - All */ = {
			isa = PBXAggregateTarget;
			buildConfigurationList = 139BC0C9601C30D5D6E5054C;
			buildPhases = (
			);
			dependencies = (
				FFAEBA8A29A6F636EAD289B1,
				5F34FE6FC7518EB5810D61D2,
				1B650D4F5B244A8D9BC0B653,
			);
			name = "Multi Out Demo - All";
			productName = "Multi Out Demo";
		};
/* End PBXAggregateTarget section */

/* Begin PBXBuildFile section */
		138FA5B79B70E3A15A194521 /* include_juce_audio_plugin_client_VST3.cpp */ = {isa = PBXBuildFile; fileRef = E2A4CB46DBABC3CE55A0FC28; };
		194B66FB22537251F6BF0385 /* include_juce_events.mm */ = {isa = PBXBuildFile; fileRef = BA339C9222076AAA3FDA0193; };
		1BF8C9929AA2E07B4E73976D /* PluginEditor.cpp */ = {isa = PBXBuildFile; fileRef = 54B9BAA4FEE0E828D5E337C7; };
		23EE108335D8DCFE7022AE0A /* include_juce_audio_formats.mm */ = {isa = PBXBuildFile; fileRef = E1C7794C3D257B14099E885C; };
		254C83C086B197FEB802C2B5 /* QuartzCore.framework */ = {isa = PBXBuildFile; fileRef = 9946DFEFD80B140A4B7735E9; };
		28AA22BA95087C99DD922594 /* RecentFilesMenuTemplate.nib */ = {isa = PBXBuildFile; fileRef = 59F4353D0F3B915F7AA44356; };
		2F7F137AC572F8CA7BBA43BE /* include_juce_gui_basics.mm */ = {isa = PBXBuildFile; fileRef = C85E7386007FE1BE10D8F353; };
		30B0D461092AB25C9F52BA06 /* include_juce_audio_basics.mm */ = {isa = PBXBuildFile; fileRef = A14D48250C2052ADD194E7FC; };
		33635552C813464789C93FF2 /* include_juce_audio_plugin_client_AU_1.mm */ = {isa = PBXBuildFile; fileRef = 168084C46F251955C1FF8E6D; };
		33E7027017080903089F1AFE /* include_juce_audio_plugin_client_utils.cpp */ = {isa = PBXBuildFile; fileRef = FAFEA18252BFB47D6107174F; };
		354F0B87A061388DBD5F19AD /* DiscRecording.framework */ = {isa = PBXBuildFile; fileRef = 6192383C1587016A371C9FB2; };
		3A6A1155F67D852D44DD8038 /* Cocoa.framework */ = {isa = PBXBuildFile; fileRef = B1522C44C3E8FD867F3BCB0F; };
		42157B6AE56B5A62541E377B /* include_juce_audio_processors_lv2_libs.cpp */ = {isa = PBXBuildFile; fileRef = 1F75FCF04F5276EE5D9236F2; };
		5B58C06A7D3193524B2FC3AE /* include_juce_audio_plugin_client_AU_2.mm */ = {isa = PBXBuildFile; fileRef = 3A0414F284E7C91B002A99FC; };
		63FCAB200E6FFB0336F64B95 /* include_juce_audio_devices.mm */ = {isa = PBXBuildFile; fileRef = 937A5DEEF47979C78390D37E; };
		69204CEFB0CF64F92387F3E5 /* VST3 */ = {isa = PBXBuildFile; fileRef = BBEA76505760F74F17C24C8C; };
		72C441F3A40831028968E59C /* include_juce_audio_processors.mm */ = {isa = PBXBuildFile; fileRef = 9117D597474F1BA699EEA565; };
		7C1208DEA644495D68E5748D /* include_juce_audio_plugin_client_ARA.cpp */ = {isa = PBXBuildFile; fileRef = 1C1A90523D2D167AD62614A3; };
		819375DFB7345823B78D6229 /* CoreAudioKit.framework */ = {isa = PBXBuildFile; fileRef = CE77C44ED821D9A5FDFAD51A; };
		8BF2A1B54CC4FE960E11FBFA /* include_juce_audio_processors_ara.cpp */ = {isa = PBXBuildFile; fileRef = FCA7A8C19BB952B7C9C3A5DF; };
		8FD73951F2CA9E9CE8E84D64 /* PluginProcessor.cpp */ = {isa = PBXBuildFile; fileRef = 9B64EEFF0B4F7E3C19FF3A95; };
		925BD5F64E55A8AB4FD258CB /* Foundation.framework */ = {isa = PBXBuildFile; fileRef = 04EF1FC71801774B037C16B1; };
		9307D873694C588F1BC1A7EA /* IOKit.framework */ = {isa = PBXBuildFile; fileRef = B57F0A9355CE28F513B0446E; };
		A2884B82A080A26ACF057AAB /* CoreAudio.framework */ = {isa = PBXBuildFile; fileRef = F063BC049D7755DD294B8A70; };
		A963AD455D5A2E595C690112 /* include_juce_gui_extra.mm */ = {isa = PBXBuildFile; fileRef = 2381CAE89982ACB47E48355A; };
		AA57957EE8A5B7DCA5CB0076 /* include_juce_data_structures.mm */ = {isa = PBXBuildFile; fileRef = ACC9572F85BF08C6FABD3B09; };
		AED0FE0D28008550D71FCEDE /* include_juce_audio_utils.mm */ = {isa = PBXBuildFile; fileRef = 8D424E01FF2389A6CB7E98DF; };
		B8F0F2DA25A424ACC7B4137F /* CoreMIDI.framework */ = {isa = PBXBuildFile; fileRef = 266C0B9B49BE82FBDBC8DE7A; };
		C5E7904EFE76C10CB1CE8616 /* Shared Code */ = {isa = PBXBuildFile; fileRef = 54AB31EA2112DE609ED6F47C; };
		CF4ADE946B5A7B7B8B6E0CC1 /* AudioToolbox.framework */ = {isa = PBXBuildFile; fileRef = 7DA11FB2D8A45C380E72E972; };
		DE4E1EDC10D1FE992097467E /* Accelerate.framework */ = {isa = PBXBuildFile; fileRef = 02A8EB5A40B54834EBBBAF99; };
		E0BFB8C27EAB29FAE484613A /* AudioUnit.framework */ = {isa = PBXBuildFile; fileRef = 9397B6B01A809165B1940E0A; };
		E1DC3CBDA34C31220DD43229 /* include_juce_audio_plugin_client_VST_utils.mm */ = {isa = PBXBuildFile; fileRef = BDBBA9FE32182CDFCD91359F; };
		E3A6FBAD698E574E80DBDC8B /* AU */ = {isa = PBXBuildFile; fileRef = C7D0DD868663F36227D6273C; };
		EBA4B9789FB46554591CB4DB /* include_juce_graphics.mm */ = {isa = PBXBuildFile; fileRef = EA3BAA14BCAB7F02EC8201ED; };
		F1DECA196726FA90760CC218 /* WebKit.framework */ = {isa = PBXBuildFile; fileRef = 87C239AC9EE656C4B7877CE9; };
		F3413EA0CC2B54291C64E4FB /* include_juce_core.mm */ = {isa = PBXBuildFile; fileRef = 5AA25630C97203988E58AB64; };
/* End PBXBuildFile section */

/* Begin PBXFileReference section */
		02A8EB5A40B54834EBBBAF99 /* Accelerate.framework */ /* Accelerate.framework */ = {isa = PBXFileReference; lastKnownFileType = wrapper.framework; name = Accelerate.framework; path = System/Library/Frameworks/Accelerate.framework; sourceTree = SDKROOT; };
		04EF1FC71801774B037C16B1 /* Foundation.framework */ /* Foundation.framework */ = {isa = PBXFileReference; lastKnownFileType = wrapper.framework; name = Foundation.framework; path = System/Library/Frameworks/Foundation.framework; sourceTree = SDKROOT; };
		11767BA2D1ED03FD66AF7FD0 /* juce_audio_processors */ /* juce_audio_processors */ = {isa = PBXFileReference; lastKnownFileType = folder; name = juce_audio_processors; path = /Users/scottcohen/Documents/JUCE/modules/juce_audio_processors; sourceTree = "<absolute>"; };
		1611011BB1737EB034E5A10D /* juce_core */ /* juce_core */ = {isa = PBXFileReference; lastKnownFileType = folder; name = juce_core; path = /Users/scottcohen/Documents/JUCE/modules/juce_core; sourceTree = "<absolute>"; };
		168084C46F251955C1FF8E6D /* include_juce_audio_plugin_client_AU_1.mm */ /* include_juce_audio_plugin_client_AU_1.mm */ = {isa = PBXFileReference; lastKnownFileType = sourcecode.cpp.objcpp; name = include_juce_audio_plugin_client_AU_1.mm; path = ../../JuceLibraryCode/include_juce_audio_plugin_client_AU_1.mm; sourceTree = SOURCE_ROOT; };
		1C1A90523D2D167AD62614A3 /* include_juce_audio_plugin_client_ARA.cpp */ /* include_juce_audio_plugin_client_ARA.cpp */ = {isa = PBXFileReference; lastKnownFileType = sourcecode.cpp.cpp; name = include_juce_audio_plugin_client_ARA.cpp; path = ../../JuceLibraryCode/include_juce_audio_plugin_client_ARA.cpp; sourceTree = SOURCE_ROOT; };
		1F75FCF04F5276EE5D9236F2 /* include_juce_audio_processors_lv2_libs.cpp */ /* include_juce_audio_processors_lv2_libs.cpp */ = {isa = PBXFileReference; lastKnownFileType = sourcecode.cpp.cpp; name = include_juce_audio_processors_lv2_libs.cpp; path = ../../JuceLibraryCode/include_juce_audio_processors_lv2_libs.cpp; sourceTree = SOURCE_ROOT; };
		2381CAE89982ACB47E48355A /* include_juce_gui_extra.mm */ /* include_juce_gui_extra.mm */ = {isa = PBXFileReference; lastKnownFileType = sourcecode.cpp.objcpp; name = include_juce_gui_extra.mm; path = ../../JuceLibraryCode/include_juce_gui_extra.mm; sourceTree = SOURCE_ROOT; };
		266C0B9B49BE82FBDBC8DE7A /* CoreMIDI.framework */ /* CoreMIDI.framework */ = {isa = PBXFileReference; lastKnownFileType = wrapper.framework; name = CoreMIDI.framework; path = System/Library/Frameworks/CoreMIDI.framework; sourceTree = SDKROOT; };
		2C7FA87E83FAA22A5CC8929E /* juce_graphics */ /* juce_graphics */ = {isa = PBXFileReference; lastKnownFileType = folder; name = juce_graphics; path = /Users/scottcohen/Documents/JUCE/modules/juce_graphics; sourceTree = "<absolute>"; };
		3A0414F284E7C91B002A99FC /* include_juce_audio_plugin_client_AU_2.mm */ /* include_juce_audio_plugin_client_AU_2.mm */ = {isa = PBXFileReference; lastKnownFileType = sourcecode.cpp.objcpp; name = include_juce_audio_plugin_client_AU_2.mm; path = ../../JuceLibraryCode/include_juce_audio_plugin_client_AU_2.mm; sourceTree = SOURCE_ROOT; };
		4268B38EB9E21A3D414745AA /* juce_events */ /* juce_events */ = {isa = PBXFileReference; lastKnownFileType = folder; name = juce_events; path = /Users/scottcohen/Documents/JUCE/modules/juce_events; sourceTree = "<absolute>"; };
		54AB31EA2112DE609ED6F47C /* Shared Code */ = {isa = PBXFileReference; explicitFileType = archive.ar; includeInIndex = 0; path = "libWeek 3 Sine Generator.a"; sourceTree = BUILT_PRODUCTS_DIR; };
		54B9BAA4FEE0E828D5E337C7 /* PluginEditor.cpp */ /* PluginEditor.cpp */ = {isa = PBXFileReference; lastKnownFileType = sourcecode.cpp.cpp; name = PluginEditor.cpp; path = ../../Source/PluginEditor.cpp; sourceTree = SOURCE_ROOT; };
		59F4353D0F3B915F7AA44356 /* RecentFilesMenuTemplate.nib */ /* RecentFilesMenuTemplate.nib */ = {isa = PBXFileReference; lastKnownFileType = file.nib; name = RecentFilesMenuTemplate.nib; path = RecentFilesMenuTemplate.nib; sourceTree = SOURCE_ROOT; };
		5AA25630C97203988E58AB64 /* include_juce_core.mm */ /* include_juce_core.mm */ = {isa = PBXFileReference; lastKnownFileType = sourcecode.cpp.objcpp; name = include_juce_core.mm; path = ../../JuceLibraryCode/include_juce_core.mm; sourceTree = SOURCE_ROOT; };
		6192383C1587016A371C9FB2 /* DiscRecording.framework */ /* DiscRecording.framework */ = {isa = PBXFileReference; lastKnownFileType = wrapper.framework; name = DiscRecording.framework; path = System/Library/Frameworks/DiscRecording.framework; sourceTree = SDKROOT; };
		6EF1BC810F4474C5F9252064 /* Info-AU.plist */ /* Info-AU.plist */ = {isa = PBXFileReference; lastKnownFileType = text.plist.xml; name = "Info-AU.plist"; path = "Info-AU.plist"; sourceTree = SOURCE_ROOT; };
		77E4C20A694C3B7E9B8CDEA9 /* juce_data_structures */ /* juce_data_structures */ = {isa = PBXFileReference; lastKnownFileType = folder; name = juce_data_structures; path = /Users/scottcohen/Documents/JUCE/modules/juce_data_structures; sourceTree = "<absolute>"; };
		78C40A5E3342D15E0A253891 /* juce_audio_devices */ /* juce_audio_devices */ = {isa = PBXFileReference; lastKnownFileType = folder; name = juce_audio_devices; path = /Users/scottcohen/Documents/JUCE/modules/juce_audio_devices; sourceTree = "<absolute>"; };
		7DA11FB2D8A45C380E72E972 /* AudioToolbox.framework */ /* AudioToolbox.framework */ = {isa = PBXFileReference; lastKnownFileType = wrapper.framework; name = AudioToolbox.framework; path = System/Library/Frameworks/AudioToolbox.framework; sourceTree = SDKROOT; };
		81B0723790D9B50A5D9A2F76 /* juce_gui_extra */ /* juce_gui_extra */ = {isa = PBXFileReference; lastKnownFileType = folder; name = juce_gui_extra; path = /Users/scottcohen/Documents/JUCE/modules/juce_gui_extra; sourceTree = "<absolute>"; };
		87C239AC9EE656C4B7877CE9 /* WebKit.framework */ /* WebKit.framework */ = {isa = PBXFileReference; lastKnownFileType = wrapper.framework; name = WebKit.framework; path = System/Library/Frameworks/WebKit.framework; sourceTree = SDKROOT; };
		8D424E01FF2389A6CB7E98DF /* include_juce_audio_utils.mm */ /* include_juce_audio_utils.mm */ = {isa = PBXFileReference; lastKnownFileType = sourcecode.cpp.objcpp; name = include_juce_audio_utils.mm; path = ../../JuceLibraryCode/include_juce_audio_utils.mm; sourceTree = SOURCE_ROOT; };
		9117D597474F1BA699EEA565 /* include_juce_audio_processors.mm */ /* include_juce_audio_processors.mm */ = {isa = PBXFileReference; lastKnownFileType = sourcecode.cpp.objcpp; name = include_juce_audio_processors.mm; path = ../../JuceLibraryCode/include_juce_audio_processors.mm; sourceTree = SOURCE_ROOT; };
		937A5DEEF47979C78390D37E /* include_juce_audio_devices.mm */ /* include_juce_audio_devices.mm */ = {isa = PBXFileReference; lastKnownFileType = sourcecode.cpp.objcpp; name = include_juce_audio_devices.mm; path = ../../JuceLibraryCode/include_juce_audio_devices.mm; sourceTree = SOURCE_ROOT; };
		9397B6B01A809165B1940E0A /* AudioUnit.framework */ /* AudioUnit.framework */ = {isa = PBXFileReference; lastKnownFileType = wrapper.framework; name = AudioUnit.framework; path = System/Library/Frameworks/AudioUnit.framework; sourceTree = SDKROOT; };
		9946DFEFD80B140A4B7735E9 /* QuartzCore.framework */ /* QuartzCore.framework */ = {isa = PBXFileReference; lastKnownFileType = wrapper.framework; name = QuartzCore.framework; path = System/Library/Frameworks/QuartzCore.framework; sourceTree = SDKROOT; };
		9B64EEFF0B4F7E3C19FF3A95 /* PluginProcessor.cpp */ /* PluginProcessor.cpp */ = {isa = PBXFileReference; lastKnownFileType = sourcecode.cpp.cpp; name = PluginProcessor.cpp; path = ../../Source/PluginProcessor.cpp; sourceTree = SOURCE_ROOT; };
		A070B1D035FDBF8A7B7F2FFF /* juce_audio_utils */ /* juce_audio_utils */ = {isa = PBXFileReference; lastKnownFileType = folder; name = juce_audio_utils; path = /Users/scottcohen/Documents/JUCE/modules/juce_audio_utils; sourceTree = "<absolute>"; };
		A14D48250C2052ADD194E7FC /* include_juce_audio_basics.mm */ /* include_juce_audio_basics.mm */ = {isa = PBXFileReference; lastKnownFileType = sourcecode.cpp.objcpp; name = include_juce_audio_basics.mm; path = ../../JuceLibraryCode/include_juce_audio_basics.mm; sourceTree = SOURCE_ROOT; };
		A312A3776C3F9274113DD4FA /* PluginProcessor.h */ /* PluginProcessor.h */ = {isa = PBXFileReference; lastKnownFileType = sourcecode.c.h; name = PluginProcessor.h; path = ../../Source/PluginProcessor.h; sourceTree = SOURCE_ROOT; };
		A510A6EE1CFA112BF5720DFD /* juce_gui_basics */ /* juce_gui_basics */ = {isa = PBXFileReference; lastKnownFileType = folder; name = juce_gui_basics; path = /Users/scottcohen/Documents/JUCE/modules/juce_gui_basics; sourceTree = "<absolute>"; };
		A53B15394E04BA76123EA605 /* juce_audio_formats */ /* juce_audio_formats */ = {isa = PBXFileReference; lastKnownFileType = folder; name = juce_audio_formats; path = /Users/scottcohen/Documents/JUCE/modules/juce_audio_formats; sourceTree = "<absolute>"; };
		ACC9572F85BF08C6FABD3B09 /* include_juce_data_structures.mm */ /* include_juce_data_structures.mm */ = {isa = PBXFileReference; lastKnownFileType = sourcecode.cpp.objcpp; name = include_juce_data_structures.mm; path = ../../JuceLibraryCode/include_juce_data_structures.mm; sourceTree = SOURCE_ROOT; };
		B1522C44C3E8FD867F3BCB0F /* Cocoa.framework */ /* Cocoa.framework */ = {isa = PBXFileReference; lastKnownFileType = wrapper.framework; name = Cocoa.framework; path = System/Library/Frameworks/Cocoa.framework; sourceTree = SDKROOT; };
		B57F0A9355CE28F513B0446E /* IOKit.framework */ /* IOKit.framework */ = {isa = PBXFileReference; lastKnownFileType = wrapper.framework; name = IOKit.framework; path = System/Library/Frameworks/IOKit.framework; sourceTree = SDKROOT; };
		BA339C9222076AAA3FDA0193 /* include_juce_events.mm */ /* include_juce_events.mm */ = {isa = PBXFileReference; lastKnownFileType = sourcecode.cpp.objcpp; name = include_juce_events.mm; path = ../../JuceLibraryCode/include_juce_events.mm; sourceTree = SOURCE_ROOT; };
		BBEA76505760F74F17C24C8C /* VST3 */ = {isa = PBXFileReference; explicitFileType = wrapper.cfbundle; includeInIndex = 0; path = "Week 3 Sine Generator.vst3"; sourceTree = BUILT_PRODUCTS_DIR; };
		BDBBA9FE32182CDFCD91359F /* include_juce_audio_plugin_client_VST_utils.mm */ /* include_juce_audio_plugin_client_VST_utils.mm */ = {isa = PBXFileReference; lastKnownFileType = sourcecode.cpp.objcpp; name = include_juce_audio_plugin_client_VST_utils.mm; path = ../../JuceLibraryCode/include_juce_audio_plugin_client_VST_utils.mm; sourceTree = SOURCE_ROOT; };
		C613AC9CC84EEEF613946674 /* juce_audio_plugin_client */ /* juce_audio_plugin_client */ = {isa = PBXFileReference; lastKnownFileType = folder; name = juce_audio_plugin_client; path = /Users/scottcohen/Documents/JUCE/modules/juce_audio_plugin_client; sourceTree = "<absolute>"; };
		C7D0DD868663F36227D6273C /* AU */ = {isa = PBXFileReference; explicitFileType = wrapper.cfbundle; includeInIndex = 0; path = "Week 3 Sine Generator.component"; sourceTree = BUILT_PRODUCTS_DIR; };
		C85E7386007FE1BE10D8F353 /* include_juce_gui_basics.mm */ /* include_juce_gui_basics.mm */ = {isa = PBXFileReference; lastKnownFileType = sourcecode.cpp.objcpp; name = include_juce_gui_basics.mm; path = ../../JuceLibraryCode/include_juce_gui_basics.mm; sourceTree = SOURCE_ROOT; };
		CB0056953294C6C6F3140FD3 /* Info-VST3.plist */ /* Info-VST3.plist */ = {isa = PBXFileReference; lastKnownFileType = text.plist.xml; name = "Info-VST3.plist"; path = "Info-VST3.plist"; sourceTree = SOURCE_ROOT; };
		CE77C44ED821D9A5FDFAD51A /* CoreAudioKit.framework */ /* CoreAudioKit.framework */ = {isa = PBXFileReference; lastKnownFileType = wrapper.framework; name = CoreAudioKit.framework; path = System/Library/Frameworks/CoreAudioKit.framework; sourceTree = SDKROOT; };
		E1C7794C3D257B14099E885C /* include_juce_audio_formats.mm */ /* include_juce_audio_formats.mm */ = {isa = PBXFileReference; lastKnownFileType = sourcecode.cpp.objcpp; name = include_juce_audio_formats.mm; path = ../../JuceLibraryCode/include_juce_audio_formats.mm; sourceTree = SOURCE_ROOT; };
		E2A4CB46DBABC3CE55A0FC28 /* include_juce_audio_plugin_client_VST3.cpp */ /* include_juce_audio_plugin_client_VST3.cpp */ = {isa = PBXFileReference; lastKnownFileType = sourcecode.cpp.cpp; name = include_juce_audio_plugin_client_VST3.cpp; path = ../../JuceLibraryCode/include_juce_audio_plugin_client_VST3.cpp; sourceTree = SOURCE_ROOT; };
		E474B11A9BAAD12D2A94CEDD /* PluginEditor.h */ /* PluginEditor.h */ = {isa = PBXFileReference; lastKnownFileType = sourcecode.c.h; name = PluginEditor.h; path = ../../Source/PluginEditor.h; sourceTree = SOURCE_ROOT; };
		E5DAD9BDA66AA5F870A6FB38 /* juce_audio_basics */ /* juce_audio_basics */ = {isa = PBXFileReference; lastKnownFileType = folder; name = juce_audio_basics; path = /Users/scottcohen/Documents/JUCE/modules/juce_audio_basics; sourceTree = "<absolute>"; };
		EA3BAA14BCAB7F02EC8201ED /* include_juce_graphics.mm */ /* include_juce_graphics.mm */ = {isa = PBXFileReference; lastKnownFileType = sourcecode.cpp.objcpp; name = include_juce_graphics.mm; path = ../../JuceLibraryCode/include_juce_graphics.mm; sourceTree = SOURCE_ROOT; };
		ED011854D23640F65C0BEE43 /* JucePluginDefines.h */ /* JucePluginDefines.h */ = {isa = PBXFileReference; lastKnownFileType = sourcecode.c.h; name = JucePluginDefines.h; path = ../../JuceLibraryCode/JucePluginDefines.h; sourceTree = SOURCE_ROOT; };
		F063BC049D7755DD294B8A70 /* CoreAudio.framework */ /* CoreAudio.framework */ = {isa = PBXFileReference; lastKnownFileType = wrapper.framework; name = CoreAudio.framework; path = System/Library/Frameworks/CoreAudio.framework; sourceTree = SDKROOT; };
		FAFEA18252BFB47D6107174F /* include_juce_audio_plugin_client_utils.cpp */ /* include_juce_audio_plugin_client_utils.cpp */ = {isa = PBXFileReference; lastKnownFileType = sourcecode.cpp.cpp; name = include_juce_audio_plugin_client_utils.cpp; path = ../../JuceLibraryCode/include_juce_audio_plugin_client_utils.cpp; sourceTree = SOURCE_ROOT; };
		FCA7A8C19BB952B7C9C3A5DF /* include_juce_audio_processors_ara.cpp */ /* include_juce_audio_processors_ara.cpp */ = {isa = PBXFileReference; lastKnownFileType = sourcecode.cpp.cpp; name = include_juce_audio_processors_ara.cpp; path = ../../JuceLibraryCode/include_juce_audio_processors_ara.cpp; sourceTree = SOURCE_ROOT; };
		FEB242E321C109F780C00254 /* JuceHeader.h */ /* JuceHeader.h */ = {isa = PBXFileReference; lastKnownFileType = sourcecode.c.h; name = JuceHeader.h; path = ../../JuceLibraryCode/JuceHeader.h; sourceTree = SOURCE_ROOT; };
/* End PBXFileReference section */

/* Begin PBXFrameworksBuildPhase section */
		71E1AED60F4F5407C9EA131A = {
			isa = PBXFrameworksBuildPhase;
			buildActionMask = 2147483647;
			files = (
				DE4E1EDC10D1FE992097467E,
				CF4ADE946B5A7B7B8B6E0CC1,
				3A6A1155F67D852D44DD8038,
				A2884B82A080A26ACF057AAB,
				819375DFB7345823B78D6229,
				B8F0F2DA25A424ACC7B4137F,
				354F0B87A061388DBD5F19AD,
				925BD5F64E55A8AB4FD258CB,
				9307D873694C588F1BC1A7EA,
				254C83C086B197FEB802C2B5,
				F1DECA196726FA90760CC218,
			);
			runOnlyForDeploymentPostprocessing = 0;
		};
		E13F40DA7BDB70CB355A5AA4 = {
			isa = PBXFrameworksBuildPhase;
			buildActionMask = 2147483647;
			files = (
				E0BFB8C27EAB29FAE484613A,
				DE4E1EDC10D1FE992097467E,
				CF4ADE946B5A7B7B8B6E0CC1,
				3A6A1155F67D852D44DD8038,
				A2884B82A080A26ACF057AAB,
				819375DFB7345823B78D6229,
				B8F0F2DA25A424ACC7B4137F,
				354F0B87A061388DBD5F19AD,
				925BD5F64E55A8AB4FD258CB,
				9307D873694C588F1BC1A7EA,
				254C83C086B197FEB802C2B5,
				F1DECA196726FA90760CC218,
			);
			runOnlyForDeploymentPostprocessing = 0;
		};
/* End PBXFrameworksBuildPhase section */

/* Begin PBXGroup section */
		013F34EA0530DD090E613461 /* Source */ = {
			isa = PBXGroup;
			children = (
				9B64EEFF0B4F7E3C19FF3A95,
				A312A3776C3F9274113DD4FA,
				54B9BAA4FEE0E828D5E337C7,
				E474B11A9BAAD12D2A94CEDD,
			);
			name = Source;
			sourceTree = "<group>";
		};
		2171C463863C11BCBC0B447C /* Multi Out Demo */ = {
			isa = PBXGroup;
			children = (
				013F34EA0530DD090E613461,
			);
			name = "Multi Out Demo";
			sourceTree = "<group>";
		};
		22F826F09B7CF2941DDF19EE /* Source */ = {
			isa = PBXGroup;
			children = (
				2171C463863C11BCBC0B447C,
				982C000EBE5821E716DF6DF3,
				4DDFA00DFA63DC2AEF52DCEF,
				F14C0AA45DBF9CB5A037F2C3,
				D221ED74247AA8A6D8DAFA76,
				23A1007D11BE63349BFB03E2,
			);
			name = Source;
			sourceTree = "<group>";
		};
		23A1007D11BE63349BFB03E2 /* Products */ = {
			isa = PBXGroup;
			children = (
				BBEA76505760F74F17C24C8C,
				C7D0DD868663F36227D6273C,
				54AB31EA2112DE609ED6F47C,
			);
			name = Products;
			sourceTree = "<group>";
		};
		4DDFA00DFA63DC2AEF52DCEF /* JUCE Library Code */ = {
			isa = PBXGroup;
			children = (
				A14D48250C2052ADD194E7FC,
				937A5DEEF47979C78390D37E,
				E1C7794C3D257B14099E885C,
				1C1A90523D2D167AD62614A3,
				168084C46F251955C1FF8E6D,
				3A0414F284E7C91B002A99FC,
				FAFEA18252BFB47D6107174F,
				BDBBA9FE32182CDFCD91359F,
				E2A4CB46DBABC3CE55A0FC28,
				9117D597474F1BA699EEA565,
				FCA7A8C19BB952B7C9C3A5DF,
				1F75FCF04F5276EE5D9236F2,
				8D424E01FF2389A6CB7E98DF,
				5AA25630C97203988E58AB64,
				ACC9572F85BF08C6FABD3B09,
				BA339C9222076AAA3FDA0193,
				EA3BAA14BCAB7F02EC8201ED,
				C85E7386007FE1BE10D8F353,
				2381CAE89982ACB47E48355A,
				FEB242E321C109F780C00254,
				ED011854D23640F65C0BEE43,
			);
			name = "JUCE Library Code";
			sourceTree = "<group>";
		};
		982C000EBE5821E716DF6DF3 /* JUCE Modules */ = {
			isa = PBXGroup;
			children = (
				E5DAD9BDA66AA5F870A6FB38,
				78C40A5E3342D15E0A253891,
				A53B15394E04BA76123EA605,
				C613AC9CC84EEEF613946674,
				11767BA2D1ED03FD66AF7FD0,
				A070B1D035FDBF8A7B7F2FFF,
				1611011BB1737EB034E5A10D,
				77E4C20A694C3B7E9B8CDEA9,
				4268B38EB9E21A3D414745AA,
				2C7FA87E83FAA22A5CC8929E,
				A510A6EE1CFA112BF5720DFD,
				81B0723790D9B50A5D9A2F76,
			);
			name = "JUCE Modules";
			sourceTree = "<group>";
		};
		D221ED74247AA8A6D8DAFA76 /* Frameworks */ = {
			isa = PBXGroup;
			children = (
				9397B6B01A809165B1940E0A,
				02A8EB5A40B54834EBBBAF99,
				7DA11FB2D8A45C380E72E972,
				B1522C44C3E8FD867F3BCB0F,
				F063BC049D7755DD294B8A70,
				CE77C44ED821D9A5FDFAD51A,
				266C0B9B49BE82FBDBC8DE7A,
				6192383C1587016A371C9FB2,
				04EF1FC71801774B037C16B1,
				B57F0A9355CE28F513B0446E,
				9946DFEFD80B140A4B7735E9,
				87C239AC9EE656C4B7877CE9,
			);
			name = Frameworks;
			sourceTree = "<group>";
		};
		F14C0AA45DBF9CB5A037F2C3 /* Resources */ = {
			isa = PBXGroup;
			children = (
				CB0056953294C6C6F3140FD3,
				6EF1BC810F4474C5F9252064,
				59F4353D0F3B915F7AA44356,
			);
			name = Resources;
			sourceTree = "<group>";
		};
/* End PBXGroup section */

/* Begin PBXNativeTarget section */
		45A40216C76E078C6809946C /* Multi Out Demo - VST3 */ = {
			isa = PBXNativeTarget;
			buildConfigurationList = B7A33EDB5AAA20C370A897F6;
			buildPhases = (
				E6DA1339F3B2E8069BC456F0,
				C057A58735F98B33BA1DA15A,
				71E1AED60F4F5407C9EA131A,
			);
			buildRules = (
			);
			dependencies = (
				12DC7667BF549BA1CFEFEE6B,
			);
			name = "Multi Out Demo - VST3";
			productName = "Multi Out Demo";
			productReference = BBEA76505760F74F17C24C8C;
			productType = "com.apple.product-type.bundle";
		};
		B351183AE2552F6E7F309BF9 /* Multi Out Demo - AU */ = {
			isa = PBXNativeTarget;
			buildConfigurationList = F508A8ECFC4308783DF3694A;
			buildPhases = (
				8E9A411BD19B8879560BAD53,
				AA0BFE657CF069134D1EA570,
				E13F40DA7BDB70CB355A5AA4,
			);
			buildRules = (
			);
			dependencies = (
				D05A940FE28C4B6A8CBE93E9,
			);
			name = "Multi Out Demo - AU";
			productName = "Multi Out Demo";
			productReference = C7D0DD868663F36227D6273C;
			productType = "com.apple.product-type.bundle";
		};
		CFF6586EB013565A48BC4A31 /* Multi Out Demo - Shared Code */ = {
			isa = PBXNativeTarget;
			buildConfigurationList = C8BFAB49195D243CD395BAC2;
			buildPhases = (
				C788E6EAE36A4D8E83A9D999,
			);
			buildRules = (
			);
			dependencies = (
			);
			name = "Multi Out Demo - Shared Code";
			productName = "Multi Out Demo";
			productReference = 54AB31EA2112DE609ED6F47C;
			productType = "com.apple.product-type.library.static";
		};
/* End PBXNativeTarget section */

/* Begin PBXProject section */
		0E8CC2B2E965FCB32387D44E = {
			isa = PBXProject;
			attributes = {
				LastUpgradeCheck = 1340;
				ORGANIZATIONNAME = "TEST STUF";
				TargetAttributes = {
					45A40216C76E078C6809946C = {
						SystemCapabilities = {
							com.apple.ApplicationGroups.iOS = {
								enabled = 0;
							};
							com.apple.HardenedRuntime = {
								enabled = 0;
							};
							com.apple.InAppPurchase = {
								enabled = 0;
							};
							com.apple.InterAppAudio = {
								enabled = 0;
							};
							com.apple.Push = {
								enabled = 0;
							};
							com.apple.Sandbox = {
								enabled = 0;
							};
						};
					};
					A808727BF228B53A3D990591 = {
						SystemCapabilities = {
							com.apple.ApplicationGroups.iOS = {
								enabled = 0;
							};
							com.apple.HardenedRuntime = {
								enabled = 0;
							};
							com.apple.InAppPurchase = {
								enabled = 0;
							};
							com.apple.InterAppAudio = {
								enabled = 0;
							};
							com.apple.Push = {
								enabled = 0;
							};
							com.apple.Sandbox = {
								enabled = 0;
							};
						};
					};
					B351183AE2552F6E7F309BF9 = {
						SystemCapabilities = {
							com.apple.ApplicationGroups.iOS = {
								enabled = 0;
							};
							com.apple.HardenedRuntime = {
								enabled = 0;
							};
							com.apple.InAppPurchase = {
								enabled = 0;
							};
							com.apple.InterAppAudio = {
								enabled = 0;
							};
							com.apple.Push = {
								enabled = 0;
							};
							com.apple.Sandbox = {
								enabled = 0;
							};
						};
					};
					CFF6586EB013565A48BC4A31 = {
						SystemCapabilities = {
							com.apple.ApplicationGroups.iOS = {
								enabled = 0;
							};
							com.apple.HardenedRuntime = {
								enabled = 0;
							};
							com.apple.InAppPurchase = {
								enabled = 0;
							};
							com.apple.InterAppAudio = {
								enabled = 0;
							};
							com.apple.Push = {
								enabled = 0;
							};
							com.apple.Sandbox = {
								enabled = 0;
							};
						};
					};
				};
			};
			buildConfigurationList = FA7754068AC8AEA29470F7C4;
			compatibilityVersion = "Xcode 3.2";
			hasScannedForEncodings = 0;
			knownRegions = (
				en,
				Base,
			);
			mainGroup = 22F826F09B7CF2941DDF19EE;
			projectDirPath = "";
			projectRoot = "";
			targets = (
				A808727BF228B53A3D990591,
				45A40216C76E078C6809946C,
				B351183AE2552F6E7F309BF9,
				CFF6586EB013565A48BC4A31,
			);
		};
/* End PBXProject section */

/* Begin PBXResourcesBuildPhase section */
		8E9A411BD19B8879560BAD53 = {
			isa = PBXResourcesBuildPhase;
			buildActionMask = 2147483647;
			files = (
				28AA22BA95087C99DD922594,
			);
			runOnlyForDeploymentPostprocessing = 0;
		};
		E6DA1339F3B2E8069BC456F0 = {
			isa = PBXResourcesBuildPhase;
			buildActionMask = 2147483647;
			files = (
				28AA22BA95087C99DD922594,
			);
			runOnlyForDeploymentPostprocessing = 0;
		};
/* End PBXResourcesBuildPhase section */

/* Begin PBXSourcesBuildPhase section */
		AA0BFE657CF069134D1EA570 = {
			isa = PBXSourcesBuildPhase;
			buildActionMask = 2147483647;
			files = (
				33635552C813464789C93FF2,
				5B58C06A7D3193524B2FC3AE,
			);
			runOnlyForDeploymentPostprocessing = 0;
		};
		C057A58735F98B33BA1DA15A = {
			isa = PBXSourcesBuildPhase;
			buildActionMask = 2147483647;
			files = (
				138FA5B79B70E3A15A194521,
			);
			runOnlyForDeploymentPostprocessing = 0;
		};
		C788E6EAE36A4D8E83A9D999 = {
			isa = PBXSourcesBuildPhase;
			buildActionMask = 2147483647;
			files = (
				8FD73951F2CA9E9CE8E84D64,
				1BF8C9929AA2E07B4E73976D,
				30B0D461092AB25C9F52BA06,
				63FCAB200E6FFB0336F64B95,
				23EE108335D8DCFE7022AE0A,
				7C1208DEA644495D68E5748D,
				33E7027017080903089F1AFE,
				E1DC3CBDA34C31220DD43229,
				72C441F3A40831028968E59C,
				8BF2A1B54CC4FE960E11FBFA,
				42157B6AE56B5A62541E377B,
				AED0FE0D28008550D71FCEDE,
				F3413EA0CC2B54291C64E4FB,
				AA57957EE8A5B7DCA5CB0076,
				194B66FB22537251F6BF0385,
				EBA4B9789FB46554591CB4DB,
				2F7F137AC572F8CA7BBA43BE,
				A963AD455D5A2E595C690112,
			);
			runOnlyForDeploymentPostprocessing = 0;
		};
/* End PBXSourcesBuildPhase section */

/* Begin PBXTargetDependency section */
		12DC7667BF549BA1CFEFEE6B = {
			isa = PBXTargetDependency;
			target = CFF6586EB013565A48BC4A31;
		};
		1B650D4F5B244A8D9BC0B653 = {
			isa = PBXTargetDependency;
			target = CFF6586EB013565A48BC4A31;
		};
		5F34FE6FC7518EB5810D61D2 = {
			isa = PBXTargetDependency;
			target = B351183AE2552F6E7F309BF9;
		};
		D05A940FE28C4B6A8CBE93E9 = {
			isa = PBXTargetDependency;
			target = CFF6586EB013565A48BC4A31;
		};
		FFAEBA8A29A6F636EAD289B1 = {
			isa = PBXTargetDependency;
			target = 45A40216C76E078C6809946C;
		};
/* End PBXTargetDependency section */

/* Begin XCBuildConfiguration section */
		0D04EE4CB5082233EA741EF4 /* Release */ = {
			isa = XCBuildConfiguration;
			buildSettings = {
				CLANG_CXX_LANGUAGE_STANDARD = "c++17";
				CLANG_CXX_LIBRARY = "libc++";
				CLANG_LINK_OBJC_RUNTIME = NO;
				COMBINE_HIDPI_IMAGES = YES;
				CONFIGURATION_BUILD_DIR = "$(PROJECT_DIR)/build/$(CONFIGURATION)";
				DEAD_CODE_STRIPPING = YES;
				EXCLUDED_ARCHS = "i386 arm64 arm64e";
				GCC_GENERATE_DEBUGGING_SYMBOLS = NO;
				GCC_OPTIMIZATION_LEVEL = 3;
				GCC_PREPROCESSOR_DEFINITIONS = (
					"_NDEBUG=1",
					"NDEBUG=1",
					"JUCE_DISPLAY_SPLASH_SCREEN=1",
					"JUCE_USE_DARK_SPLASH_SCREEN=1",
					"JUCE_PROJUCER_VERSION=0x70005",
					"JUCE_MODULE_AVAILABLE_juce_audio_basics=1",
					"JUCE_MODULE_AVAILABLE_juce_audio_devices=1",
					"JUCE_MODULE_AVAILABLE_juce_audio_formats=1",
					"JUCE_MODULE_AVAILABLE_juce_audio_plugin_client=1",
					"JUCE_MODULE_AVAILABLE_juce_audio_processors=1",
					"JUCE_MODULE_AVAILABLE_juce_audio_utils=1",
					"JUCE_MODULE_AVAILABLE_juce_core=1",
					"JUCE_MODULE_AVAILABLE_juce_data_structures=1",
					"JUCE_MODULE_AVAILABLE_juce_events=1",
					"JUCE_MODULE_AVAILABLE_juce_graphics=1",
					"JUCE_MODULE_AVAILABLE_juce_gui_basics=1",
					"JUCE_MODULE_AVAILABLE_juce_gui_extra=1",
					"JUCE_GLOBAL_MODULE_SETTINGS_INCLUDED=1",
					"JUCE_VST3_CAN_REPLACE_VST2=0",
					"JUCE_STRICT_REFCOUNTEDPOINTER=1",
					"JucePlugin_Build_VST=0",
					"JucePlugin_Build_VST3=1",
					"JucePlugin_Build_AU=1",
					"JucePlugin_Build_AUv3=0",
					"JucePlugin_Build_AAX=0",
					"JucePlugin_Build_Standalone=0",
					"JucePlugin_Build_Unity=0",
					"JucePlugin_Build_LV2=0",
					"JucePlugin_Enable_IAA=0",
					"JucePlugin_Enable_ARA=0",
					"JucePlugin_Name=\\\"multiOutTest\\\"",
					"JucePlugin_Desc=\\\"Multi\\ Out\\ Demo\\\"",
					"JucePlugin_Manufacturer=\\\"TEST\\ PROJECT\\\"",
					"JucePlugin_ManufacturerWebsite=\\\"www.TESTSTUF.com\\\"",
					"JucePlugin_ManufacturerEmail=\\\"\\\"",
					"JucePlugin_ManufacturerCode=0x4d616e75",
					"JucePlugin_PluginCode=0x54657374",
					"JucePlugin_IsSynth=0",
					"JucePlugin_WantsMidiInput=0",
					"JucePlugin_ProducesMidiOutput=0",
					"JucePlugin_IsMidiEffect=0",
					"JucePlugin_EditorRequiresKeyboardFocus=0",
					"JucePlugin_Version=1.0.0",
					"JucePlugin_VersionCode=0x10000",
					"JucePlugin_VersionString=\\\"1.0.0\\\"",
					"JucePlugin_VSTUniqueID=JucePlugin_PluginCode",
					"JucePlugin_VSTCategory=kPlugCategEffect",
					"JucePlugin_Vst3Category=\\\"Fx\\\"",
					"JucePlugin_AUMainType=\\'aufx\\'",
					"JucePlugin_AUSubType=JucePlugin_PluginCode",
					"JucePlugin_AUExportPrefix=MultiOutDemoAU",
					"JucePlugin_AUExportPrefixQuoted=\\\"MultiOutDemoAU\\\"",
					"JucePlugin_AUManufacturerCode=JucePlugin_ManufacturerCode",
					"JucePlugin_CFBundleIdentifier=com.TESTSTUF.MultiOutDemo",
					"JucePlugin_AAXIdentifier=com.TESTSTUF.MultiOutDemo",
					"JucePlugin_AAXManufacturerCode=JucePlugin_ManufacturerCode",
					"JucePlugin_AAXProductId=JucePlugin_PluginCode",
					"JucePlugin_AAXCategory=0",
					"JucePlugin_AAXDisableBypass=0",
					"JucePlugin_AAXDisableMultiMono=0",
					"JucePlugin_IAAType=0x61757278",
					"JucePlugin_IAASubType=JucePlugin_PluginCode",
					"JucePlugin_IAAName=\\\"TEST\\ PROJECT:\\ multiOutTest\\\"",
					"JucePlugin_VSTNumMidiInputs=16",
					"JucePlugin_VSTNumMidiOutputs=16",
					"JucePlugin_ARAContentTypes=0",
					"JucePlugin_ARATransformationFlags=0",
					"JucePlugin_ARAFactoryID=\\\"com.TESTSTUF.MultiOutDemo.factory\\\"",
					"JucePlugin_ARADocumentArchiveID=\\\"com.TESTSTUF.MultiOutDemo.aradocumentarchive.1.0.0\\\"",
					"JucePlugin_ARACompatibleArchiveIDs=\\\"\\\"",
					"JUCE_STANDALONE_APPLICATION=JucePlugin_Build_Standalone",
					"JUCER_XCODE_MAC_F6D2F4CF=1",
					"JUCE_APP_VERSION=1.0.0",
					"JUCE_APP_VERSION_HEX=0x10000",
					"JUCE_SHARED_CODE=1",
				);
				GCC_VERSION = com.apple.compilers.llvm.clang.1_0;
				HEADER_SEARCH_PATHS = (
					"/Users/scottcohen/Documents/JUCE/modules/juce_audio_processors/format_types/VST3_SDK",
					"$(SRCROOT)/../../JuceLibraryCode",
					"/Users/scottcohen/Documents/JUCE/modules",
					"/Users/scottcohen/Documents/JUCE/modules/juce_audio_plugin_client/AU",
					"$(inherited)",
				);
				INSTALL_PATH = "@executable_path/../Frameworks";
				LLVM_LTO = YES;
				MACOSX_DEPLOYMENT_TARGET = 10.13;
				MTL_HEADER_SEARCH_PATHS = "/Users/scottcohen/Documents/JUCE/modules/juce_audio_processors/format_types/VST3_SDK $(SRCROOT)/../../JuceLibraryCode /Users/scottcohen/Documents/JUCE/modules /Users/scottcohen/Documents/JUCE/modules/juce_audio_plugin_client/AU";
				OTHER_LDFLAGS = "-weak_framework Metal -weak_framework MetalKit";
				PRODUCT_BUNDLE_IDENTIFIER = com.TESTSTUF.MultiOutDemo;
				PRODUCT_NAME = "Week 3 Sine Generator";
				SKIP_INSTALL = YES;
				USE_HEADERMAP = NO;
				VALID_ARCHS = "x86_64";
			};
			name = Release;
		};
		17699D2F5A035EDD924AD6C9 /* Debug */ = {
			isa = XCBuildConfiguration;
			buildSettings = {
				CLANG_CXX_LANGUAGE_STANDARD = "c++17";
				CLANG_CXX_LIBRARY = "libc++";
				CLANG_LINK_OBJC_RUNTIME = NO;
				COMBINE_HIDPI_IMAGES = YES;
				CONFIGURATION_BUILD_DIR = "$(PROJECT_DIR)/build/$(CONFIGURATION)";
				COPY_PHASE_STRIP = NO;
				DEPLOYMENT_LOCATION = YES;
				DSTROOT = /;
				EXCLUDED_ARCHS = "i386 arm64 arm64e";
				GCC_DYNAMIC_NO_PIC = NO;
				GCC_OPTIMIZATION_LEVEL = 0;
				GCC_PREPROCESSOR_DEFINITIONS = (
					"_DEBUG=1",
					"DEBUG=1",
					"JUCE_DISPLAY_SPLASH_SCREEN=1",
					"JUCE_USE_DARK_SPLASH_SCREEN=1",
					"JUCE_PROJUCER_VERSION=0x70005",
					"JUCE_MODULE_AVAILABLE_juce_audio_basics=1",
					"JUCE_MODULE_AVAILABLE_juce_audio_devices=1",
					"JUCE_MODULE_AVAILABLE_juce_audio_formats=1",
					"JUCE_MODULE_AVAILABLE_juce_audio_plugin_client=1",
					"JUCE_MODULE_AVAILABLE_juce_audio_processors=1",
					"JUCE_MODULE_AVAILABLE_juce_audio_utils=1",
					"JUCE_MODULE_AVAILABLE_juce_core=1",
					"JUCE_MODULE_AVAILABLE_juce_data_structures=1",
					"JUCE_MODULE_AVAILABLE_juce_events=1",
					"JUCE_MODULE_AVAILABLE_juce_graphics=1",
					"JUCE_MODULE_AVAILABLE_juce_gui_basics=1",
					"JUCE_MODULE_AVAILABLE_juce_gui_extra=1",
					"JUCE_GLOBAL_MODULE_SETTINGS_INCLUDED=1",
					"JUCE_VST3_CAN_REPLACE_VST2=0",
					"JUCE_STRICT_REFCOUNTEDPOINTER=1",
					"JucePlugin_Build_VST=0",
					"JucePlugin_Build_VST3=0",
					"JucePlugin_Build_AU=1",
					"JucePlugin_Build_AUv3=0",
					"JucePlugin_Build_AAX=0",
					"JucePlugin_Build_Standalone=0",
					"JucePlugin_Build_Unity=0",
					"JucePlugin_Build_LV2=0",
					"JucePlugin_Enable_IAA=0",
					"JucePlugin_Enable_ARA=0",
					"JucePlugin_Name=\\\"multiOutTest\\\"",
					"JucePlugin_Desc=\\\"Multi\\ Out\\ Demo\\\"",
					"JucePlugin_Manufacturer=\\\"TEST\\ PROJECT\\\"",
					"JucePlugin_ManufacturerWebsite=\\\"www.TESTSTUF.com\\\"",
					"JucePlugin_ManufacturerEmail=\\\"\\\"",
					"JucePlugin_ManufacturerCode=0x4d616e75",
					"JucePlugin_PluginCode=0x54657374",
					"JucePlugin_IsSynth=0",
					"JucePlugin_WantsMidiInput=0",
					"JucePlugin_ProducesMidiOutput=0",
					"JucePlugin_IsMidiEffect=0",
					"JucePlugin_EditorRequiresKeyboardFocus=0",
					"JucePlugin_Version=1.0.0",
					"JucePlugin_VersionCode=0x10000",
					"JucePlugin_VersionString=\\\"1.0.0\\\"",
					"JucePlugin_VSTUniqueID=JucePlugin_PluginCode",
					"JucePlugin_VSTCategory=kPlugCategEffect",
					"JucePlugin_Vst3Category=\\\"Fx\\\"",
					"JucePlugin_AUMainType=\\'aufx\\'",
					"JucePlugin_AUSubType=JucePlugin_PluginCode",
					"JucePlugin_AUExportPrefix=MultiOutDemoAU",
					"JucePlugin_AUExportPrefixQuoted=\\\"MultiOutDemoAU\\\"",
					"JucePlugin_AUManufacturerCode=JucePlugin_ManufacturerCode",
					"JucePlugin_CFBundleIdentifier=com.TESTSTUF.MultiOutDemo",
					"JucePlugin_AAXIdentifier=com.TESTSTUF.MultiOutDemo",
					"JucePlugin_AAXManufacturerCode=JucePlugin_ManufacturerCode",
					"JucePlugin_AAXProductId=JucePlugin_PluginCode",
					"JucePlugin_AAXCategory=0",
					"JucePlugin_AAXDisableBypass=0",
					"JucePlugin_AAXDisableMultiMono=0",
					"JucePlugin_IAAType=0x61757278",
					"JucePlugin_IAASubType=JucePlugin_PluginCode",
					"JucePlugin_IAAName=\\\"TEST\\ PROJECT:\\ multiOutTest\\\"",
					"JucePlugin_VSTNumMidiInputs=16",
					"JucePlugin_VSTNumMidiOutputs=16",
					"JucePlugin_ARAContentTypes=0",
					"JucePlugin_ARATransformationFlags=0",
					"JucePlugin_ARAFactoryID=\\\"com.TESTSTUF.MultiOutDemo.factory\\\"",
					"JucePlugin_ARADocumentArchiveID=\\\"com.TESTSTUF.MultiOutDemo.aradocumentarchive.1.0.0\\\"",
					"JucePlugin_ARACompatibleArchiveIDs=\\\"\\\"",
					"JUCE_STANDALONE_APPLICATION=JucePlugin_Build_Standalone",
					"JUCER_XCODE_MAC_F6D2F4CF=1",
					"JUCE_APP_VERSION=1.0.0",
					"JUCE_APP_VERSION_HEX=0x10000",
				);
				GCC_VERSION = com.apple.compilers.llvm.clang.1_0;
				GENERATE_PKGINFO_FILE = YES;
				HEADER_SEARCH_PATHS = (
					"/Users/scottcohen/Documents/JUCE/modules/juce_audio_processors/format_types/VST3_SDK",
					"$(SRCROOT)/../../JuceLibraryCode",
					"/Users/scottcohen/Documents/JUCE/modules",
					"/Users/scottcohen/Documents/JUCE/modules/juce_audio_plugin_client/AU",
					"$(inherited)",
				);
				INFOPLIST_FILE = Info-AU.plist;
				INFOPLIST_PREPROCESS = NO;
				INSTALL_PATH = "$(HOME)/Library/Audio/Plug-Ins/Components/";
				LIBRARY_STYLE = Bundle;
				MACOSX_DEPLOYMENT_TARGET = 10.13;
				MTL_HEADER_SEARCH_PATHS = "/Users/scottcohen/Documents/JUCE/modules/juce_audio_processors/format_types/VST3_SDK $(SRCROOT)/../../JuceLibraryCode /Users/scottcohen/Documents/JUCE/modules /Users/scottcohen/Documents/JUCE/modules/juce_audio_plugin_client/AU";
				OTHER_LDFLAGS = "-bundle -lWeek\\ 3\\ Sine\\ Generator -weak_framework Metal -weak_framework MetalKit";
				OTHER_REZFLAGS = "-d ppc_$ppc -d i386_$i386 -d ppc64_$ppc64 -d x86_64_$x86_64 -d arm64_$arm64 -I /System/Library/Frameworks/CoreServices.framework/Frameworks/CarbonCore.framework/Versions/A/Headers -I \"$(DEVELOPER_DIR)/Extras/CoreAudio/AudioUnits/AUPublic/AUBase\" -I \"$(DEVELOPER_DIR)/Platforms/MacOSX.platform/Developer/SDKs/MacOSX.sdk/System/Library/Frameworks/AudioUnit.framework/Headers\"";
				PRODUCT_BUNDLE_IDENTIFIER = com.TESTSTUF.MultiOutDemo;
				PRODUCT_NAME = "Week 3 Sine Generator";
				USE_HEADERMAP = NO;
				VALID_ARCHS = "x86_64";
				WRAPPER_EXTENSION = component;
			};
			name = Debug;
		};
		184543F272567DA79AF961EC /* Release */ = {
			isa = XCBuildConfiguration;
			buildSettings = {
				ALWAYS_SEARCH_USER_PATHS = NO;
				CLANG_ENABLE_OBJC_WEAK = YES;
				CLANG_WARN_BLOCK_CAPTURE_AUTORELEASING = YES;
				CLANG_WARN_BOOL_CONVERSION = YES;
				CLANG_WARN_COMMA = YES;
				CLANG_WARN_CONSTANT_CONVERSION = YES;
				CLANG_WARN_DEPRECATED_OBJC_IMPLEMENTATIONS = YES;
				CLANG_WARN_EMPTY_BODY = YES;
				CLANG_WARN_ENUM_CONVERSION = YES;
				CLANG_WARN_INFINITE_RECURSION = YES;
				CLANG_WARN_INT_CONVERSION = YES;
				CLANG_WARN_NON_LITERAL_NULL_CONVERSION = YES;
				CLANG_WARN_OBJC_IMPLICIT_RETAIN_SELF = YES;
				CLANG_WARN_OBJC_LITERAL_CONVERSION = YES;
				CLANG_WARN_RANGE_LOOP_ANALYSIS = YES;
				CLANG_WARN_STRICT_PROTOTYPES = YES;
				CLANG_WARN_SUSPICIOUS_MOVE = YES;
				CLANG_WARN_UNREACHABLE_CODE = YES;
				CLANG_WARN__DUPLICATE_METHOD_MATCH = YES;
				DEBUG_INFORMATION_FORMAT = dwarf;
				ENABLE_STRICT_OBJC_MSGSEND = YES;
				ENABLE_TESTABILITY = NO;
				GCC_C_LANGUAGE_STANDARD = c11;
				GCC_INLINES_ARE_PRIVATE_EXTERN = YES;
				GCC_MODEL_TUNING = G5;
				GCC_NO_COMMON_BLOCKS = YES;
				GCC_SYMBOLS_PRIVATE_EXTERN = YES;
				GCC_WARN_64_TO_32_BIT_CONVERSION = YES;
				GCC_WARN_ABOUT_RETURN_TYPE = YES;
				GCC_WARN_CHECK_SWITCH_STATEMENTS = YES;
				GCC_WARN_MISSING_PARENTHESES = YES;
				GCC_WARN_NON_VIRTUAL_DESTRUCTOR = YES;
				GCC_WARN_TYPECHECK_CALLS_TO_PRINTF = YES;
				GCC_WARN_UNDECLARED_SELECTOR = YES;
				GCC_WARN_UNINITIALIZED_AUTOS = YES;
				GCC_WARN_UNUSED_FUNCTION = YES;
				GCC_WARN_UNUSED_VARIABLE = YES;
				PRODUCT_NAME = "Week 3 Sine Generator";
				SDKROOT = macosx;
				WARNING_CFLAGS = "-Wreorder";
				ZERO_LINK = NO;
			};
			name = Release;
		};
		40D7A7775F9778471CF73FB7 /* Release */ = {
			isa = XCBuildConfiguration;
			buildSettings = {
				CLANG_CXX_LANGUAGE_STANDARD = "c++17";
				CLANG_CXX_LIBRARY = "libc++";
				CLANG_LINK_OBJC_RUNTIME = NO;
				COMBINE_HIDPI_IMAGES = YES;
				CONFIGURATION_BUILD_DIR = "$(PROJECT_DIR)/build/$(CONFIGURATION)";
				DEAD_CODE_STRIPPING = YES;
				DEPLOYMENT_LOCATION = YES;
				DSTROOT = /;
				EXCLUDED_ARCHS = "i386 arm64 arm64e";
				GCC_GENERATE_DEBUGGING_SYMBOLS = NO;
				GCC_OPTIMIZATION_LEVEL = 3;
				GCC_PREPROCESSOR_DEFINITIONS = (
					"_NDEBUG=1",
					"NDEBUG=1",
					"JUCE_DISPLAY_SPLASH_SCREEN=1",
					"JUCE_USE_DARK_SPLASH_SCREEN=1",
					"JUCE_PROJUCER_VERSION=0x70005",
					"JUCE_MODULE_AVAILABLE_juce_audio_basics=1",
					"JUCE_MODULE_AVAILABLE_juce_audio_devices=1",
					"JUCE_MODULE_AVAILABLE_juce_audio_formats=1",
					"JUCE_MODULE_AVAILABLE_juce_audio_plugin_client=1",
					"JUCE_MODULE_AVAILABLE_juce_audio_processors=1",
					"JUCE_MODULE_AVAILABLE_juce_audio_utils=1",
					"JUCE_MODULE_AVAILABLE_juce_core=1",
					"JUCE_MODULE_AVAILABLE_juce_data_structures=1",
					"JUCE_MODULE_AVAILABLE_juce_events=1",
					"JUCE_MODULE_AVAILABLE_juce_graphics=1",
					"JUCE_MODULE_AVAILABLE_juce_gui_basics=1",
					"JUCE_MODULE_AVAILABLE_juce_gui_extra=1",
					"JUCE_GLOBAL_MODULE_SETTINGS_INCLUDED=1",
					"JUCE_VST3_CAN_REPLACE_VST2=0",
					"JUCE_STRICT_REFCOUNTEDPOINTER=1",
					"JucePlugin_Build_VST=0",
					"JucePlugin_Build_VST3=1",
					"JucePlugin_Build_AU=0",
					"JucePlugin_Build_AUv3=0",
					"JucePlugin_Build_AAX=0",
					"JucePlugin_Build_Standalone=0",
					"JucePlugin_Build_Unity=0",
					"JucePlugin_Build_LV2=0",
					"JucePlugin_Enable_IAA=0",
					"JucePlugin_Enable_ARA=0",
					"JucePlugin_Name=\\\"multiOutTest\\\"",
					"JucePlugin_Desc=\\\"Multi\\ Out\\ Demo\\\"",
					"JucePlugin_Manufacturer=\\\"TEST\\ PROJECT\\\"",
					"JucePlugin_ManufacturerWebsite=\\\"www.TESTSTUF.com\\\"",
					"JucePlugin_ManufacturerEmail=\\\"\\\"",
					"JucePlugin_ManufacturerCode=0x4d616e75",
					"JucePlugin_PluginCode=0x54657374",
					"JucePlugin_IsSynth=0",
					"JucePlugin_WantsMidiInput=0",
					"JucePlugin_ProducesMidiOutput=0",
					"JucePlugin_IsMidiEffect=0",
					"JucePlugin_EditorRequiresKeyboardFocus=0",
					"JucePlugin_Version=1.0.0",
					"JucePlugin_VersionCode=0x10000",
					"JucePlugin_VersionString=\\\"1.0.0\\\"",
					"JucePlugin_VSTUniqueID=JucePlugin_PluginCode",
					"JucePlugin_VSTCategory=kPlugCategEffect",
					"JucePlugin_Vst3Category=\\\"Fx\\\"",
					"JucePlugin_AUMainType=\\'aufx\\'",
					"JucePlugin_AUSubType=JucePlugin_PluginCode",
					"JucePlugin_AUExportPrefix=MultiOutDemoAU",
					"JucePlugin_AUExportPrefixQuoted=\\\"MultiOutDemoAU\\\"",
					"JucePlugin_AUManufacturerCode=JucePlugin_ManufacturerCode",
					"JucePlugin_CFBundleIdentifier=com.TESTSTUF.MultiOutDemo",
					"JucePlugin_AAXIdentifier=com.TESTSTUF.MultiOutDemo",
					"JucePlugin_AAXManufacturerCode=JucePlugin_ManufacturerCode",
					"JucePlugin_AAXProductId=JucePlugin_PluginCode",
					"JucePlugin_AAXCategory=0",
					"JucePlugin_AAXDisableBypass=0",
					"JucePlugin_AAXDisableMultiMono=0",
					"JucePlugin_IAAType=0x61757278",
					"JucePlugin_IAASubType=JucePlugin_PluginCode",
					"JucePlugin_IAAName=\\\"TEST\\ PROJECT:\\ multiOutTest\\\"",
					"JucePlugin_VSTNumMidiInputs=16",
					"JucePlugin_VSTNumMidiOutputs=16",
					"JucePlugin_ARAContentTypes=0",
					"JucePlugin_ARATransformationFlags=0",
					"JucePlugin_ARAFactoryID=\\\"com.TESTSTUF.MultiOutDemo.factory\\\"",
					"JucePlugin_ARADocumentArchiveID=\\\"com.TESTSTUF.MultiOutDemo.aradocumentarchive.1.0.0\\\"",
					"JucePlugin_ARACompatibleArchiveIDs=\\\"\\\"",
					"JUCE_STANDALONE_APPLICATION=JucePlugin_Build_Standalone",
					"JUCER_XCODE_MAC_F6D2F4CF=1",
					"JUCE_APP_VERSION=1.0.0",
					"JUCE_APP_VERSION_HEX=0x10000",
				);
				GCC_VERSION = com.apple.compilers.llvm.clang.1_0;
				GENERATE_PKGINFO_FILE = YES;
				HEADER_SEARCH_PATHS = (
					"/Users/scottcohen/Documents/JUCE/modules/juce_audio_processors/format_types/VST3_SDK",
					"$(SRCROOT)/../../JuceLibraryCode",
					"/Users/scottcohen/Documents/JUCE/modules",
					"/Users/scottcohen/Documents/JUCE/modules/juce_audio_plugin_client/AU",
					"$(inherited)",
				);
				INFOPLIST_FILE = Info-VST3.plist;
				INFOPLIST_PREPROCESS = NO;
				INSTALL_PATH = "$(HOME)/Library/Audio/Plug-Ins/VST3/";
				LIBRARY_STYLE = Bundle;
				LLVM_LTO = YES;
				MACOSX_DEPLOYMENT_TARGET = 10.13;
				MTL_HEADER_SEARCH_PATHS = "/Users/scottcohen/Documents/JUCE/modules/juce_audio_processors/format_types/VST3_SDK $(SRCROOT)/../../JuceLibraryCode /Users/scottcohen/Documents/JUCE/modules /Users/scottcohen/Documents/JUCE/modules/juce_audio_plugin_client/AU";
				OTHER_LDFLAGS = "-bundle -lWeek\\ 3\\ Sine\\ Generator -weak_framework Metal -weak_framework MetalKit";
				PRODUCT_BUNDLE_IDENTIFIER = com.TESTSTUF.MultiOutDemo;
				PRODUCT_NAME = "Week 3 Sine Generator";
				USE_HEADERMAP = NO;
				VALID_ARCHS = "x86_64";
				WRAPPER_EXTENSION = vst3;
			};
			name = Release;
		};
		41AB6704993A343FCB2D08C9 /* Debug */ = {
			isa = XCBuildConfiguration;
			buildSettings = {
				CLANG_CXX_LANGUAGE_STANDARD = "c++17";
				CLANG_CXX_LIBRARY = "libc++";
				CLANG_LINK_OBJC_RUNTIME = NO;
				COMBINE_HIDPI_IMAGES = YES;
				CONFIGURATION_BUILD_DIR = "$(PROJECT_DIR)/build/$(CONFIGURATION)";
				COPY_PHASE_STRIP = NO;
				DEPLOYMENT_LOCATION = YES;
				DSTROOT = /;
				EXCLUDED_ARCHS = "i386 arm64 arm64e";
				GCC_DYNAMIC_NO_PIC = NO;
				GCC_OPTIMIZATION_LEVEL = 0;
				GCC_PREPROCESSOR_DEFINITIONS = (
					"_DEBUG=1",
					"DEBUG=1",
					"JUCE_DISPLAY_SPLASH_SCREEN=1",
					"JUCE_USE_DARK_SPLASH_SCREEN=1",
					"JUCE_PROJUCER_VERSION=0x70005",
					"JUCE_MODULE_AVAILABLE_juce_audio_basics=1",
					"JUCE_MODULE_AVAILABLE_juce_audio_devices=1",
					"JUCE_MODULE_AVAILABLE_juce_audio_formats=1",
					"JUCE_MODULE_AVAILABLE_juce_audio_plugin_client=1",
					"JUCE_MODULE_AVAILABLE_juce_audio_processors=1",
					"JUCE_MODULE_AVAILABLE_juce_audio_utils=1",
					"JUCE_MODULE_AVAILABLE_juce_core=1",
					"JUCE_MODULE_AVAILABLE_juce_data_structures=1",
					"JUCE_MODULE_AVAILABLE_juce_events=1",
					"JUCE_MODULE_AVAILABLE_juce_graphics=1",
					"JUCE_MODULE_AVAILABLE_juce_gui_basics=1",
					"JUCE_MODULE_AVAILABLE_juce_gui_extra=1",
					"JUCE_GLOBAL_MODULE_SETTINGS_INCLUDED=1",
					"JUCE_VST3_CAN_REPLACE_VST2=0",
					"JUCE_STRICT_REFCOUNTEDPOINTER=1",
					"JucePlugin_Build_VST=0",
					"JucePlugin_Build_VST3=1",
					"JucePlugin_Build_AU=0",
					"JucePlugin_Build_AUv3=0",
					"JucePlugin_Build_AAX=0",
					"JucePlugin_Build_Standalone=0",
					"JucePlugin_Build_Unity=0",
					"JucePlugin_Build_LV2=0",
					"JucePlugin_Enable_IAA=0",
					"JucePlugin_Enable_ARA=0",
					"JucePlugin_Name=\\\"multiOutTest\\\"",
					"JucePlugin_Desc=\\\"Multi\\ Out\\ Demo\\\"",
					"JucePlugin_Manufacturer=\\\"TEST\\ PROJECT\\\"",
					"JucePlugin_ManufacturerWebsite=\\\"www.TESTSTUF.com\\\"",
					"JucePlugin_ManufacturerEmail=\\\"\\\"",
					"JucePlugin_ManufacturerCode=0x4d616e75",
					"JucePlugin_PluginCode=0x54657374",
					"JucePlugin_IsSynth=0",
					"JucePlugin_WantsMidiInput=0",
					"JucePlugin_ProducesMidiOutput=0",
					"JucePlugin_IsMidiEffect=0",
					"JucePlugin_EditorRequiresKeyboardFocus=0",
					"JucePlugin_Version=1.0.0",
					"JucePlugin_VersionCode=0x10000",
					"JucePlugin_VersionString=\\\"1.0.0\\\"",
					"JucePlugin_VSTUniqueID=JucePlugin_PluginCode",
					"JucePlugin_VSTCategory=kPlugCategEffect",
					"JucePlugin_Vst3Category=\\\"Fx\\\"",
					"JucePlugin_AUMainType=\\'aufx\\'",
					"JucePlugin_AUSubType=JucePlugin_PluginCode",
					"JucePlugin_AUExportPrefix=MultiOutDemoAU",
					"JucePlugin_AUExportPrefixQuoted=\\\"MultiOutDemoAU\\\"",
					"JucePlugin_AUManufacturerCode=JucePlugin_ManufacturerCode",
					"JucePlugin_CFBundleIdentifier=com.TESTSTUF.MultiOutDemo",
					"JucePlugin_AAXIdentifier=com.TESTSTUF.MultiOutDemo",
					"JucePlugin_AAXManufacturerCode=JucePlugin_ManufacturerCode",
					"JucePlugin_AAXProductId=JucePlugin_PluginCode",
					"JucePlugin_AAXCategory=0",
					"JucePlugin_AAXDisableBypass=0",
					"JucePlugin_AAXDisableMultiMono=0",
					"JucePlugin_IAAType=0x61757278",
					"JucePlugin_IAASubType=JucePlugin_PluginCode",
					"JucePlugin_IAAName=\\\"TEST\\ PROJECT:\\ multiOutTest\\\"",
					"JucePlugin_VSTNumMidiInputs=16",
					"JucePlugin_VSTNumMidiOutputs=16",
					"JucePlugin_ARAContentTypes=0",
					"JucePlugin_ARATransformationFlags=0",
					"JucePlugin_ARAFactoryID=\\\"com.TESTSTUF.MultiOutDemo.factory\\\"",
					"JucePlugin_ARADocumentArchiveID=\\\"com.TESTSTUF.MultiOutDemo.aradocumentarchive.1.0.0\\\"",
					"JucePlugin_ARACompatibleArchiveIDs=\\\"\\\"",
					"JUCE_STANDALONE_APPLICATION=JucePlugin_Build_Standalone",
					"JUCER_XCODE_MAC_F6D2F4CF=1",
					"JUCE_APP_VERSION=1.0.0",
					"JUCE_APP_VERSION_HEX=0x10000",
				);
				GCC_VERSION = com.apple.compilers.llvm.clang.1_0;
				GENERATE_PKGINFO_FILE = YES;
				HEADER_SEARCH_PATHS = (
					"/Users/scottcohen/Documents/JUCE/modules/juce_audio_processors/format_types/VST3_SDK",
					"$(SRCROOT)/../../JuceLibraryCode",
					"/Users/scottcohen/Documents/JUCE/modules",
					"/Users/scottcohen/Documents/JUCE/modules/juce_audio_plugin_client/AU",
					"$(inherited)",
				);
				INFOPLIST_FILE = Info-VST3.plist;
				INFOPLIST_PREPROCESS = NO;
				INSTALL_PATH = "$(HOME)/Library/Audio/Plug-Ins/VST3/";
				LIBRARY_STYLE = Bundle;
				MACOSX_DEPLOYMENT_TARGET = 10.13;
				MTL_HEADER_SEARCH_PATHS = "/Users/scottcohen/Documents/JUCE/modules/juce_audio_processors/format_types/VST3_SDK $(SRCROOT)/../../JuceLibraryCode /Users/scottcohen/Documents/JUCE/modules /Users/scottcohen/Documents/JUCE/modules/juce_audio_plugin_client/AU";
				OTHER_LDFLAGS = "-bundle -lWeek\\ 3\\ Sine\\ Generator -weak_framework Metal -weak_framework MetalKit";
				PRODUCT_BUNDLE_IDENTIFIER = com.TESTSTUF.MultiOutDemo;
				PRODUCT_NAME = "Week 3 Sine Generator";
				USE_HEADERMAP = NO;
				VALID_ARCHS = "x86_64";
				WRAPPER_EXTENSION = vst3;
			};
			name = Debug;
		};
		5F12EA13829B6008839FA87C /* Debug */ = {
			isa = XCBuildConfiguration;
			buildSettings = {
				CLANG_CXX_LANGUAGE_STANDARD = "c++17";
				CLANG_CXX_LIBRARY = "libc++";
				CLANG_LINK_OBJC_RUNTIME = NO;
				COMBINE_HIDPI_IMAGES = YES;
				CONFIGURATION_BUILD_DIR = "$(PROJECT_DIR)/build/$(CONFIGURATION)";
				COPY_PHASE_STRIP = NO;
				EXCLUDED_ARCHS = "i386 arm64 arm64e";
				GCC_DYNAMIC_NO_PIC = NO;
				GCC_OPTIMIZATION_LEVEL = 0;
				GCC_PREPROCESSOR_DEFINITIONS = (
					"_DEBUG=1",
					"DEBUG=1",
					"JUCE_DISPLAY_SPLASH_SCREEN=1",
					"JUCE_USE_DARK_SPLASH_SCREEN=1",
					"JUCE_PROJUCER_VERSION=0x70005",
					"JUCE_MODULE_AVAILABLE_juce_audio_basics=1",
					"JUCE_MODULE_AVAILABLE_juce_audio_devices=1",
					"JUCE_MODULE_AVAILABLE_juce_audio_formats=1",
					"JUCE_MODULE_AVAILABLE_juce_audio_plugin_client=1",
					"JUCE_MODULE_AVAILABLE_juce_audio_processors=1",
					"JUCE_MODULE_AVAILABLE_juce_audio_utils=1",
					"JUCE_MODULE_AVAILABLE_juce_core=1",
					"JUCE_MODULE_AVAILABLE_juce_data_structures=1",
					"JUCE_MODULE_AVAILABLE_juce_events=1",
					"JUCE_MODULE_AVAILABLE_juce_graphics=1",
					"JUCE_MODULE_AVAILABLE_juce_gui_basics=1",
					"JUCE_MODULE_AVAILABLE_juce_gui_extra=1",
					"JUCE_GLOBAL_MODULE_SETTINGS_INCLUDED=1",
					"JUCE_VST3_CAN_REPLACE_VST2=0",
					"JUCE_STRICT_REFCOUNTEDPOINTER=1",
					"JucePlugin_Build_VST=0",
					"JucePlugin_Build_VST3=1",
					"JucePlugin_Build_AU=1",
					"JucePlugin_Build_AUv3=0",
					"JucePlugin_Build_AAX=0",
					"JucePlugin_Build_Standalone=0",
					"JucePlugin_Build_Unity=0",
					"JucePlugin_Build_LV2=0",
					"JucePlugin_Enable_IAA=0",
					"JucePlugin_Enable_ARA=0",
					"JucePlugin_Name=\\\"multiOutTest\\\"",
					"JucePlugin_Desc=\\\"Multi\\ Out\\ Demo\\\"",
					"JucePlugin_Manufacturer=\\\"TEST\\ PROJECT\\\"",
					"JucePlugin_ManufacturerWebsite=\\\"www.TESTSTUF.com\\\"",
					"JucePlugin_ManufacturerEmail=\\\"\\\"",
					"JucePlugin_ManufacturerCode=0x4d616e75",
					"JucePlugin_PluginCode=0x54657374",
					"JucePlugin_IsSynth=0",
					"JucePlugin_WantsMidiInput=0",
					"JucePlugin_ProducesMidiOutput=0",
					"JucePlugin_IsMidiEffect=0",
					"JucePlugin_EditorRequiresKeyboardFocus=0",
					"JucePlugin_Version=1.0.0",
					"JucePlugin_VersionCode=0x10000",
					"JucePlugin_VersionString=\\\"1.0.0\\\"",
					"JucePlugin_VSTUniqueID=JucePlugin_PluginCode",
					"JucePlugin_VSTCategory=kPlugCategEffect",
					"JucePlugin_Vst3Category=\\\"Fx\\\"",
					"JucePlugin_AUMainType=\\'aufx\\'",
					"JucePlugin_AUSubType=JucePlugin_PluginCode",
					"JucePlugin_AUExportPrefix=MultiOutDemoAU",
					"JucePlugin_AUExportPrefixQuoted=\\\"MultiOutDemoAU\\\"",
					"JucePlugin_AUManufacturerCode=JucePlugin_ManufacturerCode",
					"JucePlugin_CFBundleIdentifier=com.TESTSTUF.MultiOutDemo",
					"JucePlugin_AAXIdentifier=com.TESTSTUF.MultiOutDemo",
					"JucePlugin_AAXManufacturerCode=JucePlugin_ManufacturerCode",
					"JucePlugin_AAXProductId=JucePlugin_PluginCode",
					"JucePlugin_AAXCategory=0",
					"JucePlugin_AAXDisableBypass=0",
					"JucePlugin_AAXDisableMultiMono=0",
					"JucePlugin_IAAType=0x61757278",
					"JucePlugin_IAASubType=JucePlugin_PluginCode",
					"JucePlugin_IAAName=\\\"TEST\\ PROJECT:\\ multiOutTest\\\"",
					"JucePlugin_VSTNumMidiInputs=16",
					"JucePlugin_VSTNumMidiOutputs=16",
					"JucePlugin_ARAContentTypes=0",
					"JucePlugin_ARATransformationFlags=0",
					"JucePlugin_ARAFactoryID=\\\"com.TESTSTUF.MultiOutDemo.factory\\\"",
					"JucePlugin_ARADocumentArchiveID=\\\"com.TESTSTUF.MultiOutDemo.aradocumentarchive.1.0.0\\\"",
					"JucePlugin_ARACompatibleArchiveIDs=\\\"\\\"",
					"JUCE_STANDALONE_APPLICATION=JucePlugin_Build_Standalone",
					"JUCER_XCODE_MAC_F6D2F4CF=1",
					"JUCE_APP_VERSION=1.0.0",
					"JUCE_APP_VERSION_HEX=0x10000",
					"JUCE_SHARED_CODE=1",
				);
				GCC_VERSION = com.apple.compilers.llvm.clang.1_0;
				HEADER_SEARCH_PATHS = (
					"/Users/scottcohen/Documents/JUCE/modules/juce_audio_processors/format_types/VST3_SDK",
					"$(SRCROOT)/../../JuceLibraryCode",
					"/Users/scottcohen/Documents/JUCE/modules",
					"/Users/scottcohen/Documents/JUCE/modules/juce_audio_plugin_client/AU",
					"$(inherited)",
				);
				INSTALL_PATH = "@executable_path/../Frameworks";
				MACOSX_DEPLOYMENT_TARGET = 10.13;
				MTL_HEADER_SEARCH_PATHS = "/Users/scottcohen/Documents/JUCE/modules/juce_audio_processors/format_types/VST3_SDK $(SRCROOT)/../../JuceLibraryCode /Users/scottcohen/Documents/JUCE/modules /Users/scottcohen/Documents/JUCE/modules/juce_audio_plugin_client/AU";
				OTHER_LDFLAGS = "-weak_framework Metal -weak_framework MetalKit";
				PRODUCT_BUNDLE_IDENTIFIER = com.TESTSTUF.MultiOutDemo;
				PRODUCT_NAME = "Week 3 Sine Generator";
				SKIP_INSTALL = YES;
				USE_HEADERMAP = NO;
				VALID_ARCHS = "x86_64";
			};
			name = Debug;
		};
		6BF5519430289EAD3DC37C17 /* Release */ = {
			isa = XCBuildConfiguration;
			buildSettings = {
				MACOSX_DEPLOYMENT_TARGET = 10.13;
				SDKROOT = macosx;
			};
			name = Release;
		};
		79DDFDD854752E78D7B49E96 /* Debug */ = {
			isa = XCBuildConfiguration;
			buildSettings = {
				MACOSX_DEPLOYMENT_TARGET = 10.13;
				SDKROOT = macosx;
			};
			name = Debug;
		};
		8EDFA06905ADD4CD71032D6D /* Debug */ = {
			isa = XCBuildConfiguration;
			buildSettings = {
				ALWAYS_SEARCH_USER_PATHS = NO;
				CLANG_ENABLE_OBJC_WEAK = YES;
				CLANG_WARN_BLOCK_CAPTURE_AUTORELEASING = YES;
				CLANG_WARN_BOOL_CONVERSION = YES;
				CLANG_WARN_COMMA = YES;
				CLANG_WARN_CONSTANT_CONVERSION = YES;
				CLANG_WARN_DEPRECATED_OBJC_IMPLEMENTATIONS = YES;
				CLANG_WARN_EMPTY_BODY = YES;
				CLANG_WARN_ENUM_CONVERSION = YES;
				CLANG_WARN_INFINITE_RECURSION = YES;
				CLANG_WARN_INT_CONVERSION = YES;
				CLANG_WARN_NON_LITERAL_NULL_CONVERSION = YES;
				CLANG_WARN_OBJC_IMPLICIT_RETAIN_SELF = YES;
				CLANG_WARN_OBJC_LITERAL_CONVERSION = YES;
				CLANG_WARN_RANGE_LOOP_ANALYSIS = YES;
				CLANG_WARN_STRICT_PROTOTYPES = YES;
				CLANG_WARN_SUSPICIOUS_MOVE = YES;
				CLANG_WARN_UNREACHABLE_CODE = YES;
				CLANG_WARN__DUPLICATE_METHOD_MATCH = YES;
				DEBUG_INFORMATION_FORMAT = dwarf;
				ENABLE_STRICT_OBJC_MSGSEND = YES;
				ENABLE_TESTABILITY = NO;
				GCC_C_LANGUAGE_STANDARD = c11;
				GCC_INLINES_ARE_PRIVATE_EXTERN = YES;
				GCC_MODEL_TUNING = G5;
				GCC_NO_COMMON_BLOCKS = YES;
				GCC_SYMBOLS_PRIVATE_EXTERN = YES;
				GCC_WARN_64_TO_32_BIT_CONVERSION = YES;
				GCC_WARN_ABOUT_RETURN_TYPE = YES;
				GCC_WARN_CHECK_SWITCH_STATEMENTS = YES;
				GCC_WARN_MISSING_PARENTHESES = YES;
				GCC_WARN_NON_VIRTUAL_DESTRUCTOR = YES;
				GCC_WARN_TYPECHECK_CALLS_TO_PRINTF = YES;
				GCC_WARN_UNDECLARED_SELECTOR = YES;
				GCC_WARN_UNINITIALIZED_AUTOS = YES;
				GCC_WARN_UNUSED_FUNCTION = YES;
				GCC_WARN_UNUSED_VARIABLE = YES;
				ONLY_ACTIVE_ARCH = YES;
				PRODUCT_NAME = "Week 3 Sine Generator";
				SDKROOT = macosx;
				WARNING_CFLAGS = "-Wreorder";
				ZERO_LINK = NO;
			};
			name = Debug;
		};
		DFF5E92FF5820BBB3706DC98 /* Release */ = {
			isa = XCBuildConfiguration;
			buildSettings = {
				CLANG_CXX_LANGUAGE_STANDARD = "c++17";
				CLANG_CXX_LIBRARY = "libc++";
				CLANG_LINK_OBJC_RUNTIME = NO;
				COMBINE_HIDPI_IMAGES = YES;
				CONFIGURATION_BUILD_DIR = "$(PROJECT_DIR)/build/$(CONFIGURATION)";
				DEAD_CODE_STRIPPING = YES;
				DEPLOYMENT_LOCATION = YES;
				DSTROOT = /;
				EXCLUDED_ARCHS = "i386 arm64 arm64e";
				GCC_GENERATE_DEBUGGING_SYMBOLS = NO;
				GCC_OPTIMIZATION_LEVEL = 3;
				GCC_PREPROCESSOR_DEFINITIONS = (
					"_NDEBUG=1",
					"NDEBUG=1",
					"JUCE_DISPLAY_SPLASH_SCREEN=1",
					"JUCE_USE_DARK_SPLASH_SCREEN=1",
					"JUCE_PROJUCER_VERSION=0x70005",
					"JUCE_MODULE_AVAILABLE_juce_audio_basics=1",
					"JUCE_MODULE_AVAILABLE_juce_audio_devices=1",
					"JUCE_MODULE_AVAILABLE_juce_audio_formats=1",
					"JUCE_MODULE_AVAILABLE_juce_audio_plugin_client=1",
					"JUCE_MODULE_AVAILABLE_juce_audio_processors=1",
					"JUCE_MODULE_AVAILABLE_juce_audio_utils=1",
					"JUCE_MODULE_AVAILABLE_juce_core=1",
					"JUCE_MODULE_AVAILABLE_juce_data_structures=1",
					"JUCE_MODULE_AVAILABLE_juce_events=1",
					"JUCE_MODULE_AVAILABLE_juce_graphics=1",
					"JUCE_MODULE_AVAILABLE_juce_gui_basics=1",
					"JUCE_MODULE_AVAILABLE_juce_gui_extra=1",
					"JUCE_GLOBAL_MODULE_SETTINGS_INCLUDED=1",
					"JUCE_VST3_CAN_REPLACE_VST2=0",
					"JUCE_STRICT_REFCOUNTEDPOINTER=1",
					"JucePlugin_Build_VST=0",
					"JucePlugin_Build_VST3=0",
					"JucePlugin_Build_AU=1",
					"JucePlugin_Build_AUv3=0",
					"JucePlugin_Build_AAX=0",
					"JucePlugin_Build_Standalone=0",
					"JucePlugin_Build_Unity=0",
					"JucePlugin_Build_LV2=0",
					"JucePlugin_Enable_IAA=0",
					"JucePlugin_Enable_ARA=0",
					"JucePlugin_Name=\\\"multiOutTest\\\"",
					"JucePlugin_Desc=\\\"Multi\\ Out\\ Demo\\\"",
					"JucePlugin_Manufacturer=\\\"TEST\\ PROJECT\\\"",
					"JucePlugin_ManufacturerWebsite=\\\"www.TESTSTUF.com\\\"",
					"JucePlugin_ManufacturerEmail=\\\"\\\"",
					"JucePlugin_ManufacturerCode=0x4d616e75",
					"JucePlugin_PluginCode=0x54657374",
					"JucePlugin_IsSynth=0",
					"JucePlugin_WantsMidiInput=0",
					"JucePlugin_ProducesMidiOutput=0",
					"JucePlugin_IsMidiEffect=0",
					"JucePlugin_EditorRequiresKeyboardFocus=0",
					"JucePlugin_Version=1.0.0",
					"JucePlugin_VersionCode=0x10000",
					"JucePlugin_VersionString=\\\"1.0.0\\\"",
					"JucePlugin_VSTUniqueID=JucePlugin_PluginCode",
					"JucePlugin_VSTCategory=kPlugCategEffect",
					"JucePlugin_Vst3Category=\\\"Fx\\\"",
					"JucePlugin_AUMainType=\\'aufx\\'",
					"JucePlugin_AUSubType=JucePlugin_PluginCode",
					"JucePlugin_AUExportPrefix=MultiOutDemoAU",
					"JucePlugin_AUExportPrefixQuoted=\\\"MultiOutDemoAU\\\"",
					"JucePlugin_AUManufacturerCode=JucePlugin_ManufacturerCode",
					"JucePlugin_CFBundleIdentifier=com.TESTSTUF.MultiOutDemo",
					"JucePlugin_AAXIdentifier=com.TESTSTUF.MultiOutDemo",
					"JucePlugin_AAXManufacturerCode=JucePlugin_ManufacturerCode",
					"JucePlugin_AAXProductId=JucePlugin_PluginCode",
					"JucePlugin_AAXCategory=0",
					"JucePlugin_AAXDisableBypass=0",
					"JucePlugin_AAXDisableMultiMono=0",
					"JucePlugin_IAAType=0x61757278",
					"JucePlugin_IAASubType=JucePlugin_PluginCode",
					"JucePlugin_IAAName=\\\"TEST\\ PROJECT:\\ multiOutTest\\\"",
					"JucePlugin_VSTNumMidiInputs=16",
					"JucePlugin_VSTNumMidiOutputs=16",
					"JucePlugin_ARAContentTypes=0",
					"JucePlugin_ARATransformationFlags=0",
					"JucePlugin_ARAFactoryID=\\\"com.TESTSTUF.MultiOutDemo.factory\\\"",
					"JucePlugin_ARADocumentArchiveID=\\\"com.TESTSTUF.MultiOutDemo.aradocumentarchive.1.0.0\\\"",
					"JucePlugin_ARACompatibleArchiveIDs=\\\"\\\"",
					"JUCE_STANDALONE_APPLICATION=JucePlugin_Build_Standalone",
					"JUCER_XCODE_MAC_F6D2F4CF=1",
					"JUCE_APP_VERSION=1.0.0",
					"JUCE_APP_VERSION_HEX=0x10000",
				);
				GCC_VERSION = com.apple.compilers.llvm.clang.1_0;
				GENERATE_PKGINFO_FILE = YES;
				HEADER_SEARCH_PATHS = (
					"/Users/scottcohen/Documents/JUCE/modules/juce_audio_processors/format_types/VST3_SDK",
					"$(SRCROOT)/../../JuceLibraryCode",
					"/Users/scottcohen/Documents/JUCE/modules",
					"/Users/scottcohen/Documents/JUCE/modules/juce_audio_plugin_client/AU",
					"$(inherited)",
				);
				INFOPLIST_FILE = Info-AU.plist;
				INFOPLIST_PREPROCESS = NO;
				INSTALL_PATH = "$(HOME)/Library/Audio/Plug-Ins/Components/";
				LIBRARY_STYLE = Bundle;
				LLVM_LTO = YES;
				MACOSX_DEPLOYMENT_TARGET = 10.13;
				MTL_HEADER_SEARCH_PATHS = "/Users/scottcohen/Documents/JUCE/modules/juce_audio_processors/format_types/VST3_SDK $(SRCROOT)/../../JuceLibraryCode /Users/scottcohen/Documents/JUCE/modules /Users/scottcohen/Documents/JUCE/modules/juce_audio_plugin_client/AU";
				OTHER_LDFLAGS = "-bundle -lWeek\\ 3\\ Sine\\ Generator -weak_framework Metal -weak_framework MetalKit";
				OTHER_REZFLAGS = "-d ppc_$ppc -d i386_$i386 -d ppc64_$ppc64 -d x86_64_$x86_64 -d arm64_$arm64 -I /System/Library/Frameworks/CoreServices.framework/Frameworks/CarbonCore.framework/Versions/A/Headers -I \"$(DEVELOPER_DIR)/Extras/CoreAudio/AudioUnits/AUPublic/AUBase\" -I \"$(DEVELOPER_DIR)/Platforms/MacOSX.platform/Developer/SDKs/MacOSX.sdk/System/Library/Frameworks/AudioUnit.framework/Headers\"";
				PRODUCT_BUNDLE_IDENTIFIER = com.TESTSTUF.MultiOutDemo;
				PRODUCT_NAME = "Week 3 Sine Generator";
				USE_HEADERMAP = NO;
				VALID_ARCHS = "x86_64";
				WRAPPER_EXTENSION = component;
			};
			name = Release;
		};
/* End XCBuildConfiguration section */

/* Begin XCConfigurationList section */
		139BC0C9601C30D5D6E5054C = {
			isa = XCConfigurationList;
			buildConfigurations = (
				79DDFDD854752E78D7B49E96,
				6BF5519430289EAD3DC37C17,
			);
			defaultConfigurationIsVisible = 0;
			defaultConfigurationName = Debug;
		};
		B7A33EDB5AAA20C370A897F6 = {
			isa = XCConfigurationList;
			buildConfigurations = (
				41AB6704993A343FCB2D08C9,
				40D7A7775F9778471CF73FB7,
			);
			defaultConfigurationIsVisible = 0;
			defaultConfigurationName = Debug;
		};
		C8BFAB49195D243CD395BAC2 = {
			isa = XCConfigurationList;
			buildConfigurations = (
				5F12EA13829B6008839FA87C,
				0D04EE4CB5082233EA741EF4,
			);
			defaultConfigurationIsVisible = 0;
			defaultConfigurationName = Debug;
		};
		F508A8ECFC4308783DF3694A = {
			isa = XCConfigurationList;
			buildConfigurations = (
				17699D2F5A035EDD924AD6C9,
				DFF5E92FF5820BBB3706DC98,
			);
			defaultConfigurationIsVisible = 0;
			defaultConfigurationName = Debug;
		};
		FA7754068AC8AEA29470F7C4 = {
			isa = XCConfigurationList;
			buildConfigurations = (
				184543F272567DA79AF961EC,
				8EDFA06905ADD4CD71032D6D,
			);
			defaultConfigurationIsVisible = 0;
			defaultConfigurationName = Debug;
		};
/* End XCConfigurationList section */
	};
	rootObject = 0E8CC2B2E965FCB32387D44E /* Project object */;
}
